PODS:
  - Flutter (1.0.0)
  - virtualcreditcard (0.0.1):
    - Flutter

DEPENDENCIES:
  - Flutter (from `Flutter`)
  - virtualcreditcard (from `.symlinks/plugins/virtualcreditcard/ios`)

EXTERNAL SOURCES:
  Flutter:
    :path: Flutter
  virtualcreditcard:
    :path: ".symlinks/plugins/virtualcreditcard/ios"

SPEC CHECKSUMS:
  Flutter: 434fef37c0980e73bb6479ef766c45957d4b510c
  virtualcreditcard: 61a0b70d7030af7167d7ee6f2b685359a3b324e5

PODFILE CHECKSUM: aafe91acc616949ddb318b77800a7f51bffa2a4c

COCOAPODS: 1.10.1
